// !$*UTF8*$!
{
	archiveVersion = 1;
	classes = {
	};
	objectVersion = 77;
	objects = {

/* Begin PBXBuildFile section */
		A92001C02C89C28A00253F7A /* CartModel.swift in Sources */ = {isa = PBXBuildFile; fileRef = A92001BF2C89C28A00253F7A /* CartModel.swift */; };
		A92001C22C8A184E00253F7A /* CartPresenter.swift in Sources */ = {isa = PBXBuildFile; fileRef = A92001C12C8A184E00253F7A /* CartPresenter.swift */; };
		A94A72092C95FB3800362AAE /* FavoriteModel.swift in Sources */ = {isa = PBXBuildFile; fileRef = A94A72082C95FB3800362AAE /* FavoriteModel.swift */; };
		A94A720C2C95FE2A00362AAE /* FavoritePresenter.swift in Sources */ = {isa = PBXBuildFile; fileRef = A94A720B2C95FE2A00362AAE /* FavoritePresenter.swift */; };
		A958755D2C78C6DA0092D79E /* AppDelegate.swift in Sources */ = {isa = PBXBuildFile; fileRef = A958755C2C78C6DA0092D79E /* AppDelegate.swift */; };
		A958755F2C78C6DA0092D79E /* SceneDelegate.swift in Sources */ = {isa = PBXBuildFile; fileRef = A958755E2C78C6DA0092D79E /* SceneDelegate.swift */; };
		A95875662C78C6DB0092D79E /* Assets.xcassets in Resources */ = {isa = PBXBuildFile; fileRef = A95875652C78C6DB0092D79E /* Assets.xcassets */; };
		A95875692C78C6DB0092D79E /* Base in Resources */ = {isa = PBXBuildFile; fileRef = A95875682C78C6DB0092D79E /* Base */; };
		A95875762C78F4620092D79E /* FirstViewController.swift in Sources */ = {isa = PBXBuildFile; fileRef = A95875752C78F4620092D79E /* FirstViewController.swift */; };
		A9606F4E2C830BC1007C9AB0 /* Coordinator.swift in Sources */ = {isa = PBXBuildFile; fileRef = A9606F4D2C830BC1007C9AB0 /* Coordinator.swift */; };
		A9606F502C831AAE007C9AB0 /* FirstCoordinator.swift in Sources */ = {isa = PBXBuildFile; fileRef = A9606F4F2C831AAE007C9AB0 /* FirstCoordinator.swift */; };
		A9606F522C83247A007C9AB0 /* HomeCoordinator.swift in Sources */ = {isa = PBXBuildFile; fileRef = A9606F512C83247A007C9AB0 /* HomeCoordinator.swift */; };
		A9606F542C832497007C9AB0 /* CartCoordinator.swift in Sources */ = {isa = PBXBuildFile; fileRef = A9606F532C832497007C9AB0 /* CartCoordinator.swift */; };
		A9606F562C8324B7007C9AB0 /* FavoriteCoordinator.swift in Sources */ = {isa = PBXBuildFile; fileRef = A9606F552C8324B7007C9AB0 /* FavoriteCoordinator.swift */; };
		A9606F582C8324CD007C9AB0 /* ProfileCoordinator.swift in Sources */ = {isa = PBXBuildFile; fileRef = A9606F572C8324CD007C9AB0 /* ProfileCoordinator.swift */; };
		A9606F5A2C833540007C9AB0 /* FirstViewPresenter.swift in Sources */ = {isa = PBXBuildFile; fileRef = A9606F592C833540007C9AB0 /* FirstViewPresenter.swift */; };
		A9606F5E2C834803007C9AB0 /* UserStorage.swift in Sources */ = {isa = PBXBuildFile; fileRef = A9606F5D2C834803007C9AB0 /* UserStorage.swift */; };
		A9606F602C835028007C9AB0 /* LoginCoordinator.swift in Sources */ = {isa = PBXBuildFile; fileRef = A9606F5F2C835028007C9AB0 /* LoginCoordinator.swift */; };
		A962A6532C7DAF7600798FD5 /* CSLabel.swift in Sources */ = {isa = PBXBuildFile; fileRef = A962A6522C7DAF7600798FD5 /* CSLabel.swift */; };
		A962A6552C7DB85700798FD5 /* SmallHCViewCell.swift in Sources */ = {isa = PBXBuildFile; fileRef = A962A6542C7DB85700798FD5 /* SmallHCViewCell.swift */; };
		A962A6572C7DDCED00798FD5 /* BigVCViewCell.swift in Sources */ = {isa = PBXBuildFile; fileRef = A962A6562C7DDCED00798FD5 /* BigVCViewCell.swift */; };
		A962A65B2C7E039E00798FD5 /* HomeModel.swift in Sources */ = {isa = PBXBuildFile; fileRef = A962A65A2C7E039E00798FD5 /* HomeModel.swift */; };
		A962A65D2C7E075200798FD5 /* HomePresenter.swift in Sources */ = {isa = PBXBuildFile; fileRef = A962A65C2C7E075200798FD5 /* HomePresenter.swift */; };
		A962A6632C7E3C4B00798FD5 /* OrderViewController.swift in Sources */ = {isa = PBXBuildFile; fileRef = A962A6622C7E3C4B00798FD5 /* OrderViewController.swift */; };
		A962A6652C7E3D2400798FD5 /* OrderPresenter.swift in Sources */ = {isa = PBXBuildFile; fileRef = A962A6642C7E3D2400798FD5 /* OrderPresenter.swift */; };
		A96654662C84E14C004F9D0C /* ProfilePresenter.swift in Sources */ = {isa = PBXBuildFile; fileRef = A96654652C84E14C004F9D0C /* ProfilePresenter.swift */; };
		A97129D62C84B28000D59F5F /* OrderCoordinator.swift in Sources */ = {isa = PBXBuildFile; fileRef = A97129D52C84B28000D59F5F /* OrderCoordinator.swift */; };
		A98074652C80EA2600004745 /* CSOrderButton.swift in Sources */ = {isa = PBXBuildFile; fileRef = A98074642C80EA2600004745 /* CSOrderButton.swift */; };
		A98074672C80FC6B00004745 /* CSCounterButton.swift in Sources */ = {isa = PBXBuildFile; fileRef = A98074662C80FC6B00004745 /* CSCounterButton.swift */; };
		A99749072C7C68BE00C6191F /* CSButton.swift in Sources */ = {isa = PBXBuildFile; fileRef = A99749062C7C68BE00C6191F /* CSButton.swift */; };
		A997490C2C7C818700C6191F /* LoginViewController.swift in Sources */ = {isa = PBXBuildFile; fileRef = A997490B2C7C818700C6191F /* LoginViewController.swift */; };
		A997490F2C7C829800C6191F /* CSBackGroundView.swift in Sources */ = {isa = PBXBuildFile; fileRef = A997490E2C7C829800C6191F /* CSBackGroundView.swift */; };
		A99749122C7CC08C00C6191F /* AppCoordinator.swift in Sources */ = {isa = PBXBuildFile; fileRef = A99749112C7CC08C00C6191F /* AppCoordinator.swift */; };
		A99749162C7CCA4300C6191F /* LoginPresenter.swift in Sources */ = {isa = PBXBuildFile; fileRef = A99749152C7CCA4200C6191F /* LoginPresenter.swift */; };
		A99749212C7CF60600C6191F /* TabBarController.swift in Sources */ = {isa = PBXBuildFile; fileRef = A99749202C7CF60600C6191F /* TabBarController.swift */; };
		A99749252C7CF8C000C6191F /* CartViewController.swift in Sources */ = {isa = PBXBuildFile; fileRef = A99749242C7CF8C000C6191F /* CartViewController.swift */; };
		A99749292C7D134900C6191F /* HomeViewController.swift in Sources */ = {isa = PBXBuildFile; fileRef = A99749282C7D134900C6191F /* HomeViewController.swift */; };
		A997492D2C7D16C800C6191F /* FavoriteViewController.swift in Sources */ = {isa = PBXBuildFile; fileRef = A997492C2C7D16C800C6191F /* FavoriteViewController.swift */; };
		A99749312C7D18DB00C6191F /* ProfileViewController.swift in Sources */ = {isa = PBXBuildFile; fileRef = A99749302C7D18DB00C6191F /* ProfileViewController.swift */; };
		A9B8BC782C9C2248005CE565 /* ProfileManager.swift in Sources */ = {isa = PBXBuildFile; fileRef = A9B8BC772C9C2248005CE565 /* ProfileManager.swift */; };
		A9D96AC62C972B6500AB1556 /* JsonFileManager.swift in Sources */ = {isa = PBXBuildFile; fileRef = A9D96AC52C972B6500AB1556 /* JsonFileManager.swift */; };
		A9D96ACA2C973DCD00AB1556 /* AccountViewController.swift in Sources */ = {isa = PBXBuildFile; fileRef = A9D96AC92C973DCD00AB1556 /* AccountViewController.swift */; };
		A9D96ACC2C973EDF00AB1556 /* AccountCoordinator.swift in Sources */ = {isa = PBXBuildFile; fileRef = A9D96ACB2C973EDF00AB1556 /* AccountCoordinator.swift */; };
		A9D96ACF2C974B1E00AB1556 /* AccountPresenter.swift in Sources */ = {isa = PBXBuildFile; fileRef = A9D96ACE2C974B1E00AB1556 /* AccountPresenter.swift */; };
		A9D96AD22C974F7600AB1556 /* UserManager.swift in Sources */ = {isa = PBXBuildFile; fileRef = A9D96AD12C974F7600AB1556 /* UserManager.swift */; };
		A9F373BB2C82317D0037A51A /* CSCartButton.swift in Sources */ = {isa = PBXBuildFile; fileRef = A9F373BA2C82317D0037A51A /* CSCartButton.swift */; };
		A9F373BD2C82422C0037A51A /* CartViewCell.swift in Sources */ = {isa = PBXBuildFile; fileRef = A9F373BC2C82422C0037A51A /* CartViewCell.swift */; };
		A9F373BF2C826BA50037A51A /* FavoriteViewCell.swift in Sources */ = {isa = PBXBuildFile; fileRef = A9F373BE2C826BA50037A51A /* FavoriteViewCell.swift */; };
/* End PBXBuildFile section */

/* Begin PBXFileReference section */
		A92001BF2C89C28A00253F7A /* CartModel.swift */ = {isa = PBXFileReference; lastKnownFileType = sourcecode.swift; path = CartModel.swift; sourceTree = "<group>"; };
		A92001C12C8A184E00253F7A /* CartPresenter.swift */ = {isa = PBXFileReference; lastKnownFileType = sourcecode.swift; path = CartPresenter.swift; sourceTree = "<group>"; };
		A94A72082C95FB3800362AAE /* FavoriteModel.swift */ = {isa = PBXFileReference; lastKnownFileType = sourcecode.swift; path = FavoriteModel.swift; sourceTree = "<group>"; };
		A94A720B2C95FE2A00362AAE /* FavoritePresenter.swift */ = {isa = PBXFileReference; lastKnownFileType = sourcecode.swift; path = FavoritePresenter.swift; sourceTree = "<group>"; };
		A95875592C78C6DA0092D79E /* CoffeeShop.app */ = {isa = PBXFileReference; explicitFileType = wrapper.application; includeInIndex = 0; path = CoffeeShop.app; sourceTree = BUILT_PRODUCTS_DIR; };
		A958755C2C78C6DA0092D79E /* AppDelegate.swift */ = {isa = PBXFileReference; lastKnownFileType = sourcecode.swift; path = AppDelegate.swift; sourceTree = "<group>"; };
		A958755E2C78C6DA0092D79E /* SceneDelegate.swift */ = {isa = PBXFileReference; lastKnownFileType = sourcecode.swift; path = SceneDelegate.swift; sourceTree = "<group>"; };
		A95875652C78C6DB0092D79E /* Assets.xcassets */ = {isa = PBXFileReference; lastKnownFileType = folder.assetcatalog; path = Assets.xcassets; sourceTree = "<group>"; };
		A95875682C78C6DB0092D79E /* Base */ = {isa = PBXFileReference; lastKnownFileType = file.storyboard; name = Base; path = Base.lproj/LaunchScreen.storyboard; sourceTree = "<group>"; };
		A958756A2C78C6DB0092D79E /* Info.plist */ = {isa = PBXFileReference; lastKnownFileType = text.plist.xml; path = Info.plist; sourceTree = "<group>"; };
		A95875752C78F4620092D79E /* FirstViewController.swift */ = {isa = PBXFileReference; lastKnownFileType = sourcecode.swift; path = FirstViewController.swift; sourceTree = "<group>"; };
		A9606F4D2C830BC1007C9AB0 /* Coordinator.swift */ = {isa = PBXFileReference; lastKnownFileType = sourcecode.swift; path = Coordinator.swift; sourceTree = "<group>"; };
		A9606F4F2C831AAE007C9AB0 /* FirstCoordinator.swift */ = {isa = PBXFileReference; lastKnownFileType = sourcecode.swift; path = FirstCoordinator.swift; sourceTree = "<group>"; };
		A9606F512C83247A007C9AB0 /* HomeCoordinator.swift */ = {isa = PBXFileReference; lastKnownFileType = sourcecode.swift; path = HomeCoordinator.swift; sourceTree = "<group>"; };
		A9606F532C832497007C9AB0 /* CartCoordinator.swift */ = {isa = PBXFileReference; lastKnownFileType = sourcecode.swift; path = CartCoordinator.swift; sourceTree = "<group>"; };
		A9606F552C8324B7007C9AB0 /* FavoriteCoordinator.swift */ = {isa = PBXFileReference; lastKnownFileType = sourcecode.swift; path = FavoriteCoordinator.swift; sourceTree = "<group>"; };
		A9606F572C8324CD007C9AB0 /* ProfileCoordinator.swift */ = {isa = PBXFileReference; lastKnownFileType = sourcecode.swift; path = ProfileCoordinator.swift; sourceTree = "<group>"; };
		A9606F592C833540007C9AB0 /* FirstViewPresenter.swift */ = {isa = PBXFileReference; lastKnownFileType = sourcecode.swift; path = FirstViewPresenter.swift; sourceTree = "<group>"; };
		A9606F5D2C834803007C9AB0 /* UserStorage.swift */ = {isa = PBXFileReference; lastKnownFileType = sourcecode.swift; path = UserStorage.swift; sourceTree = "<group>"; };
		A9606F5F2C835028007C9AB0 /* LoginCoordinator.swift */ = {isa = PBXFileReference; lastKnownFileType = sourcecode.swift; path = LoginCoordinator.swift; sourceTree = "<group>"; };
		A962A6522C7DAF7600798FD5 /* CSLabel.swift */ = {isa = PBXFileReference; lastKnownFileType = sourcecode.swift; path = CSLabel.swift; sourceTree = "<group>"; };
		A962A6542C7DB85700798FD5 /* SmallHCViewCell.swift */ = {isa = PBXFileReference; lastKnownFileType = sourcecode.swift; path = SmallHCViewCell.swift; sourceTree = "<group>"; };
		A962A6562C7DDCED00798FD5 /* BigVCViewCell.swift */ = {isa = PBXFileReference; lastKnownFileType = sourcecode.swift; path = BigVCViewCell.swift; sourceTree = "<group>"; };
		A962A65A2C7E039E00798FD5 /* HomeModel.swift */ = {isa = PBXFileReference; lastKnownFileType = sourcecode.swift; path = HomeModel.swift; sourceTree = "<group>"; };
		A962A65C2C7E075200798FD5 /* HomePresenter.swift */ = {isa = PBXFileReference; lastKnownFileType = sourcecode.swift; path = HomePresenter.swift; sourceTree = "<group>"; };
		A962A6622C7E3C4B00798FD5 /* OrderViewController.swift */ = {isa = PBXFileReference; lastKnownFileType = sourcecode.swift; path = OrderViewController.swift; sourceTree = "<group>"; };
		A962A6642C7E3D2400798FD5 /* OrderPresenter.swift */ = {isa = PBXFileReference; lastKnownFileType = sourcecode.swift; path = OrderPresenter.swift; sourceTree = "<group>"; };
		A96654652C84E14C004F9D0C /* ProfilePresenter.swift */ = {isa = PBXFileReference; lastKnownFileType = sourcecode.swift; path = ProfilePresenter.swift; sourceTree = "<group>"; };
		A97129D52C84B28000D59F5F /* OrderCoordinator.swift */ = {isa = PBXFileReference; lastKnownFileType = sourcecode.swift; path = OrderCoordinator.swift; sourceTree = "<group>"; };
		A98074642C80EA2600004745 /* CSOrderButton.swift */ = {isa = PBXFileReference; lastKnownFileType = sourcecode.swift; path = CSOrderButton.swift; sourceTree = "<group>"; };
		A98074662C80FC6B00004745 /* CSCounterButton.swift */ = {isa = PBXFileReference; lastKnownFileType = sourcecode.swift; path = CSCounterButton.swift; sourceTree = "<group>"; };
		A99749062C7C68BE00C6191F /* CSButton.swift */ = {isa = PBXFileReference; lastKnownFileType = sourcecode.swift; path = CSButton.swift; sourceTree = "<group>"; };
		A997490B2C7C818700C6191F /* LoginViewController.swift */ = {isa = PBXFileReference; lastKnownFileType = sourcecode.swift; path = LoginViewController.swift; sourceTree = "<group>"; };
		A997490E2C7C829800C6191F /* CSBackGroundView.swift */ = {isa = PBXFileReference; lastKnownFileType = sourcecode.swift; path = CSBackGroundView.swift; sourceTree = "<group>"; };
		A99749112C7CC08C00C6191F /* AppCoordinator.swift */ = {isa = PBXFileReference; lastKnownFileType = sourcecode.swift; path = AppCoordinator.swift; sourceTree = "<group>"; };
		A99749152C7CCA4200C6191F /* LoginPresenter.swift */ = {isa = PBXFileReference; lastKnownFileType = sourcecode.swift; path = LoginPresenter.swift; sourceTree = "<group>"; };
		A99749202C7CF60600C6191F /* TabBarController.swift */ = {isa = PBXFileReference; lastKnownFileType = sourcecode.swift; path = TabBarController.swift; sourceTree = "<group>"; };
		A99749242C7CF8C000C6191F /* CartViewController.swift */ = {isa = PBXFileReference; lastKnownFileType = sourcecode.swift; path = CartViewController.swift; sourceTree = "<group>"; };
		A99749282C7D134900C6191F /* HomeViewController.swift */ = {isa = PBXFileReference; lastKnownFileType = sourcecode.swift; path = HomeViewController.swift; sourceTree = "<group>"; };
		A997492C2C7D16C800C6191F /* FavoriteViewController.swift */ = {isa = PBXFileReference; lastKnownFileType = sourcecode.swift; path = FavoriteViewController.swift; sourceTree = "<group>"; };
		A99749302C7D18DB00C6191F /* ProfileViewController.swift */ = {isa = PBXFileReference; lastKnownFileType = sourcecode.swift; path = ProfileViewController.swift; sourceTree = "<group>"; };
		A9B8BC772C9C2248005CE565 /* ProfileManager.swift */ = {isa = PBXFileReference; lastKnownFileType = sourcecode.swift; path = ProfileManager.swift; sourceTree = "<group>"; };
		A9D96AC52C972B6500AB1556 /* JsonFileManager.swift */ = {isa = PBXFileReference; lastKnownFileType = sourcecode.swift; path = JsonFileManager.swift; sourceTree = "<group>"; };
		A9D96AC92C973DCD00AB1556 /* AccountViewController.swift */ = {isa = PBXFileReference; lastKnownFileType = sourcecode.swift; path = AccountViewController.swift; sourceTree = "<group>"; };
		A9D96ACB2C973EDF00AB1556 /* AccountCoordinator.swift */ = {isa = PBXFileReference; lastKnownFileType = sourcecode.swift; path = AccountCoordinator.swift; sourceTree = "<group>"; };
		A9D96ACE2C974B1E00AB1556 /* AccountPresenter.swift */ = {isa = PBXFileReference; lastKnownFileType = sourcecode.swift; path = AccountPresenter.swift; sourceTree = "<group>"; };
		A9D96AD12C974F7600AB1556 /* UserManager.swift */ = {isa = PBXFileReference; lastKnownFileType = sourcecode.swift; path = UserManager.swift; sourceTree = "<group>"; };
		A9F373BA2C82317D0037A51A /* CSCartButton.swift */ = {isa = PBXFileReference; lastKnownFileType = sourcecode.swift; path = CSCartButton.swift; sourceTree = "<group>"; };
		A9F373BC2C82422C0037A51A /* CartViewCell.swift */ = {isa = PBXFileReference; lastKnownFileType = sourcecode.swift; path = CartViewCell.swift; sourceTree = "<group>"; };
		A9F373BE2C826BA50037A51A /* FavoriteViewCell.swift */ = {isa = PBXFileReference; lastKnownFileType = sourcecode.swift; path = FavoriteViewCell.swift; sourceTree = "<group>"; };
/* End PBXFileReference section */

/* Begin PBXFrameworksBuildPhase section */
		A95875562C78C6DA0092D79E /* Frameworks */ = {
			isa = PBXFrameworksBuildPhase;
			buildActionMask = 2147483647;
			files = (
			);
			runOnlyForDeploymentPostprocessing = 0;
		};
/* End PBXFrameworksBuildPhase section */

/* Begin PBXGroup section */
		A92001BD2C89C25C00253F7A /* Presenter */ = {
			isa = PBXGroup;
			children = (
				A92001C12C8A184E00253F7A /* CartPresenter.swift */,
			);
			path = Presenter;
			sourceTree = "<group>";
		};
		A92001BE2C89C26E00253F7A /* Model */ = {
			isa = PBXGroup;
			children = (
				A92001BF2C89C28A00253F7A /* CartModel.swift */,
			);
			path = Model;
			sourceTree = "<group>";
		};
		A94A72072C95FB1100362AAE /* Model */ = {
			isa = PBXGroup;
			children = (
				A94A72082C95FB3800362AAE /* FavoriteModel.swift */,
			);
			path = Model;
			sourceTree = "<group>";
		};
		A94A720A2C95FE0F00362AAE /* Presenter */ = {
			isa = PBXGroup;
			children = (
				A94A720B2C95FE2A00362AAE /* FavoritePresenter.swift */,
			);
			path = Presenter;
			sourceTree = "<group>";
		};
		A95875502C78C6DA0092D79E = {
			isa = PBXGroup;
			children = (
				A958755B2C78C6DA0092D79E /* CoffeeShop */,
				A958755A2C78C6DA0092D79E /* Products */,
			);
			sourceTree = "<group>";
		};
		A958755A2C78C6DA0092D79E /* Products */ = {
			isa = PBXGroup;
			children = (
				A95875592C78C6DA0092D79E /* CoffeeShop.app */,
			);
			name = Products;
			sourceTree = "<group>";
		};
		A958755B2C78C6DA0092D79E /* CoffeeShop */ = {
			isa = PBXGroup;
			children = (
				A9D96AC42C972B4100AB1556 /* JsonManager */,
				A9606F5B2C8347AE007C9AB0 /* Services */,
				A997491E2C7CF58900C6191F /* Navigation */,
				A95875702C78F2D90092D79E /* Common */,
				A95875712C78F3460092D79E /* Module */,
				A99749042C7C686100C6191F /* CustomElements */,
				A95875652C78C6DB0092D79E /* Assets.xcassets */,
				A95875672C78C6DB0092D79E /* LaunchScreen.storyboard */,
				A958756A2C78C6DB0092D79E /* Info.plist */,
			);
			path = CoffeeShop;
			sourceTree = "<group>";
		};
		A95875702C78F2D90092D79E /* Common */ = {
			isa = PBXGroup;
			children = (
				A958755E2C78C6DA0092D79E /* SceneDelegate.swift */,
				A958755C2C78C6DA0092D79E /* AppDelegate.swift */,
			);
			path = Common;
			sourceTree = "<group>";
		};
		A95875712C78F3460092D79E /* Module */ = {
			isa = PBXGroup;
			children = (
				A95875722C78F3750092D79E /* FirstScreenModule */,
				A99749082C7C810A00C6191F /* LoginScreenModule */,
				A9D96AC72C973D6B00AB1556 /* AccountModule */,
				A99749262C7D12EF00C6191F /* HomeScreenModule */,
				A962A65E2C7E3BB200798FD5 /* OrderScreen */,
				A99749222C7CF86700C6191F /* CartScreenModule */,
				A997492A2C7D166400C6191F /* FavoriteScreenModule */,
				A997492E2C7D186C00C6191F /* ProfileScreenModule */,
			);
			path = Module;
			sourceTree = "<group>";
		};
		A95875722C78F3750092D79E /* FirstScreenModule */ = {
			isa = PBXGroup;
			children = (
				A95875742C78F40D0092D79E /* Presenter */,
				A95875732C78F3DC0092D79E /* View */,
			);
			path = FirstScreenModule;
			sourceTree = "<group>";
		};
		A95875732C78F3DC0092D79E /* View */ = {
			isa = PBXGroup;
			children = (
				A95875752C78F4620092D79E /* FirstViewController.swift */,
			);
			path = View;
			sourceTree = "<group>";
		};
		A95875742C78F40D0092D79E /* Presenter */ = {
			isa = PBXGroup;
			children = (
				A9606F592C833540007C9AB0 /* FirstViewPresenter.swift */,
			);
			path = Presenter;
			sourceTree = "<group>";
		};
		A9606F5B2C8347AE007C9AB0 /* Services */ = {
			isa = PBXGroup;
			children = (
				A9606F5D2C834803007C9AB0 /* UserStorage.swift */,
			);
			path = Services;
			sourceTree = "<group>";
		};
		A962A6582C7E00D600798FD5 /* Presenter */ = {
			isa = PBXGroup;
			children = (
				A962A65C2C7E075200798FD5 /* HomePresenter.swift */,
			);
			path = Presenter;
			sourceTree = "<group>";
		};
		A962A6592C7E00EA00798FD5 /* Model */ = {
			isa = PBXGroup;
			children = (
				A962A65A2C7E039E00798FD5 /* HomeModel.swift */,
			);
			path = Model;
			sourceTree = "<group>";
		};
		A962A65E2C7E3BB200798FD5 /* OrderScreen */ = {
			isa = PBXGroup;
			children = (
				A962A6612C7E3C1800798FD5 /* Model */,
				A962A6602C7E3C0400798FD5 /* Presenter */,
				A962A65F2C7E3BFA00798FD5 /* View */,
			);
			path = OrderScreen;
			sourceTree = "<group>";
		};
		A962A65F2C7E3BFA00798FD5 /* View */ = {
			isa = PBXGroup;
			children = (
				A962A6622C7E3C4B00798FD5 /* OrderViewController.swift */,
			);
			path = View;
			sourceTree = "<group>";
		};
		A962A6602C7E3C0400798FD5 /* Presenter */ = {
			isa = PBXGroup;
			children = (
				A962A6642C7E3D2400798FD5 /* OrderPresenter.swift */,
			);
			path = Presenter;
			sourceTree = "<group>";
		};
		A962A6612C7E3C1800798FD5 /* Model */ = {
			isa = PBXGroup;
			children = (
			);
			path = Model;
			sourceTree = "<group>";
		};
		A96654642C84E12B004F9D0C /* Presenter */ = {
			isa = PBXGroup;
			children = (
				A96654652C84E14C004F9D0C /* ProfilePresenter.swift */,
			);
			path = Presenter;
			sourceTree = "<group>";
		};
		A99749042C7C686100C6191F /* CustomElements */ = {
			isa = PBXGroup;
			children = (
				A997490E2C7C829800C6191F /* CSBackGroundView.swift */,
				A99749062C7C68BE00C6191F /* CSButton.swift */,
				A962A6522C7DAF7600798FD5 /* CSLabel.swift */,
				A98074642C80EA2600004745 /* CSOrderButton.swift */,
				A98074662C80FC6B00004745 /* CSCounterButton.swift */,
				A9F373BA2C82317D0037A51A /* CSCartButton.swift */,
			);
			path = CustomElements;
			sourceTree = "<group>";
		};
		A99749082C7C810A00C6191F /* LoginScreenModule */ = {
			isa = PBXGroup;
			children = (
				A99749092C7C812E00C6191F /* Presenter */,
				A997490A2C7C813B00C6191F /* View */,
			);
			path = LoginScreenModule;
			sourceTree = "<group>";
		};
		A99749092C7C812E00C6191F /* Presenter */ = {
			isa = PBXGroup;
			children = (
				A99749152C7CCA4200C6191F /* LoginPresenter.swift */,
			);
			path = Presenter;
			sourceTree = "<group>";
		};
		A997490A2C7C813B00C6191F /* View */ = {
			isa = PBXGroup;
			children = (
				A997490B2C7C818700C6191F /* LoginViewController.swift */,
			);
			path = View;
			sourceTree = "<group>";
		};
		A99749102C7CC05D00C6191F /* Coordinators */ = {
			isa = PBXGroup;
			children = (
				A9606F4D2C830BC1007C9AB0 /* Coordinator.swift */,
				A99749112C7CC08C00C6191F /* AppCoordinator.swift */,
				A9606F4F2C831AAE007C9AB0 /* FirstCoordinator.swift */,
				A9606F5F2C835028007C9AB0 /* LoginCoordinator.swift */,
				A9606F512C83247A007C9AB0 /* HomeCoordinator.swift */,
				A9606F532C832497007C9AB0 /* CartCoordinator.swift */,
				A9606F552C8324B7007C9AB0 /* FavoriteCoordinator.swift */,
				A9606F572C8324CD007C9AB0 /* ProfileCoordinator.swift */,
				A97129D52C84B28000D59F5F /* OrderCoordinator.swift */,
				A9D96ACB2C973EDF00AB1556 /* AccountCoordinator.swift */,
			);
			path = Coordinators;
			sourceTree = "<group>";
		};
		A997491E2C7CF58900C6191F /* Navigation */ = {
			isa = PBXGroup;
			children = (
				A99749102C7CC05D00C6191F /* Coordinators */,
				A997491F2C7CF5CE00C6191F /* Controllers */,
			);
			path = Navigation;
			sourceTree = "<group>";
		};
		A997491F2C7CF5CE00C6191F /* Controllers */ = {
			isa = PBXGroup;
			children = (
				A99749202C7CF60600C6191F /* TabBarController.swift */,
			);
			path = Controllers;
			sourceTree = "<group>";
		};
		A99749222C7CF86700C6191F /* CartScreenModule */ = {
			isa = PBXGroup;
			children = (
				A92001BE2C89C26E00253F7A /* Model */,
				A92001BD2C89C25C00253F7A /* Presenter */,
				A99749232C7CF8A800C6191F /* View */,
			);
			path = CartScreenModule;
			sourceTree = "<group>";
		};
		A99749232C7CF8A800C6191F /* View */ = {
			isa = PBXGroup;
			children = (
				A99749242C7CF8C000C6191F /* CartViewController.swift */,
				A9F373BC2C82422C0037A51A /* CartViewCell.swift */,
			);
			path = View;
			sourceTree = "<group>";
		};
		A99749262C7D12EF00C6191F /* HomeScreenModule */ = {
			isa = PBXGroup;
			children = (
				A962A6592C7E00EA00798FD5 /* Model */,
				A962A6582C7E00D600798FD5 /* Presenter */,
				A99749272C7D132F00C6191F /* View */,
			);
			path = HomeScreenModule;
			sourceTree = "<group>";
		};
		A99749272C7D132F00C6191F /* View */ = {
			isa = PBXGroup;
			children = (
				A99749282C7D134900C6191F /* HomeViewController.swift */,
				A962A6542C7DB85700798FD5 /* SmallHCViewCell.swift */,
				A962A6562C7DDCED00798FD5 /* BigVCViewCell.swift */,
			);
			path = View;
			sourceTree = "<group>";
		};
		A997492A2C7D166400C6191F /* FavoriteScreenModule */ = {
			isa = PBXGroup;
			children = (
				A94A720A2C95FE0F00362AAE /* Presenter */,
				A94A72072C95FB1100362AAE /* Model */,
				A997492B2C7D16AC00C6191F /* View */,
			);
			path = FavoriteScreenModule;
			sourceTree = "<group>";
		};
		A997492B2C7D16AC00C6191F /* View */ = {
			isa = PBXGroup;
			children = (
				A997492C2C7D16C800C6191F /* FavoriteViewController.swift */,
				A9F373BE2C826BA50037A51A /* FavoriteViewCell.swift */,
			);
			path = View;
			sourceTree = "<group>";
		};
		A997492E2C7D186C00C6191F /* ProfileScreenModule */ = {
			isa = PBXGroup;
			children = (
				A9B8BC722C9C1E3E005CE565 /* Model */,
				A96654642C84E12B004F9D0C /* Presenter */,
				A997492F2C7D18BA00C6191F /* View */,
			);
			path = ProfileScreenModule;
			sourceTree = "<group>";
		};
		A997492F2C7D18BA00C6191F /* View */ = {
			isa = PBXGroup;
			children = (
				A99749302C7D18DB00C6191F /* ProfileViewController.swift */,
			);
			path = View;
			sourceTree = "<group>";
		};
		A9B8BC722C9C1E3E005CE565 /* Model */ = {
			isa = PBXGroup;
			children = (
				A9B8BC772C9C2248005CE565 /* ProfileManager.swift */,
			);
			path = Model;
			sourceTree = "<group>";
		};
		A9D96AC42C972B4100AB1556 /* JsonManager */ = {
			isa = PBXGroup;
			children = (
				A9D96AC52C972B6500AB1556 /* JsonFileManager.swift */,
			);
			path = JsonManager;
			sourceTree = "<group>";
		};
		A9D96AC72C973D6B00AB1556 /* AccountModule */ = {
			isa = PBXGroup;
			children = (
				A9D96AD02C974F5300AB1556 /* Model */,
				A9D96ACD2C974AF200AB1556 /* Presenter */,
				A9D96AC82C973D9E00AB1556 /* View */,
			);
			path = AccountModule;
			sourceTree = "<group>";
		};
		A9D96AC82C973D9E00AB1556 /* View */ = {
			isa = PBXGroup;
			children = (
				A9D96AC92C973DCD00AB1556 /* AccountViewController.swift */,
			);
			path = View;
			sourceTree = "<group>";
		};
		A9D96ACD2C974AF200AB1556 /* Presenter */ = {
			isa = PBXGroup;
			children = (
				A9D96ACE2C974B1E00AB1556 /* AccountPresenter.swift */,
			);
			path = Presenter;
			sourceTree = "<group>";
		};
		A9D96AD02C974F5300AB1556 /* Model */ = {
			isa = PBXGroup;
			children = (
				A9D96AD12C974F7600AB1556 /* UserManager.swift */,
			);
			path = Model;
			sourceTree = "<group>";
		};
/* End PBXGroup section */

/* Begin PBXNativeTarget section */
		A95875582C78C6DA0092D79E /* CoffeeShop */ = {
			isa = PBXNativeTarget;
			buildConfigurationList = A958756D2C78C6DB0092D79E /* Build configuration list for PBXNativeTarget "CoffeeShop" */;
			buildPhases = (
				A95875552C78C6DA0092D79E /* Sources */,
				A95875562C78C6DA0092D79E /* Frameworks */,
				A95875572C78C6DA0092D79E /* Resources */,
			);
			buildRules = (
			);
			dependencies = (
			);
			name = CoffeeShop;
			productName = CoffeeShop;
			productReference = A95875592C78C6DA0092D79E /* CoffeeShop.app */;
			productType = "com.apple.product-type.application";
		};
/* End PBXNativeTarget section */

/* Begin PBXProject section */
		A95875512C78C6DA0092D79E /* Project object */ = {
			isa = PBXProject;
			attributes = {
				BuildIndependentTargetsInParallel = 1;
				LastSwiftUpdateCheck = 1540;
				LastUpgradeCheck = 1540;
				TargetAttributes = {
					A95875582C78C6DA0092D79E = {
						CreatedOnToolsVersion = 15.4;
					};
				};
			};
			buildConfigurationList = A95875542C78C6DA0092D79E /* Build configuration list for PBXProject "CoffeeShop" */;
			developmentRegion = en;
			hasScannedForEncodings = 0;
			knownRegions = (
				en,
				Base,
			);
			mainGroup = A95875502C78C6DA0092D79E;
			preferredProjectObjectVersion = 77;
			productRefGroup = A958755A2C78C6DA0092D79E /* Products */;
			projectDirPath = "";
			projectRoot = "";
			targets = (
				A95875582C78C6DA0092D79E /* CoffeeShop */,
			);
		};
/* End PBXProject section */

/* Begin PBXResourcesBuildPhase section */
		A95875572C78C6DA0092D79E /* Resources */ = {
			isa = PBXResourcesBuildPhase;
			buildActionMask = 2147483647;
			files = (
				A95875662C78C6DB0092D79E /* Assets.xcassets in Resources */,
				A95875692C78C6DB0092D79E /* Base in Resources */,
			);
			runOnlyForDeploymentPostprocessing = 0;
		};
/* End PBXResourcesBuildPhase section */

/* Begin PBXSourcesBuildPhase section */
		A95875552C78C6DA0092D79E /* Sources */ = {
			isa = PBXSourcesBuildPhase;
			buildActionMask = 2147483647;
			files = (
				A962A65D2C7E075200798FD5 /* HomePresenter.swift in Sources */,
				A997490F2C7C829800C6191F /* CSBackGroundView.swift in Sources */,
				A9D96ACA2C973DCD00AB1556 /* AccountViewController.swift in Sources */,
				A94A720C2C95FE2A00362AAE /* FavoritePresenter.swift in Sources */,
				A9606F5A2C833540007C9AB0 /* FirstViewPresenter.swift in Sources */,
				A958755D2C78C6DA0092D79E /* AppDelegate.swift in Sources */,
				A9606F582C8324CD007C9AB0 /* ProfileCoordinator.swift in Sources */,
				A9F373BF2C826BA50037A51A /* FavoriteViewCell.swift in Sources */,
				A99749162C7CCA4300C6191F /* LoginPresenter.swift in Sources */,
				A9D96AC62C972B6500AB1556 /* JsonFileManager.swift in Sources */,
				A997492D2C7D16C800C6191F /* FavoriteViewController.swift in Sources */,
				A962A6552C7DB85700798FD5 /* SmallHCViewCell.swift in Sources */,
				A958755F2C78C6DA0092D79E /* SceneDelegate.swift in Sources */,
				A98074672C80FC6B00004745 /* CSCounterButton.swift in Sources */,
				A9D96ACF2C974B1E00AB1556 /* AccountPresenter.swift in Sources */,
				A97129D62C84B28000D59F5F /* OrderCoordinator.swift in Sources */,
				A962A6652C7E3D2400798FD5 /* OrderPresenter.swift in Sources */,
				A98074652C80EA2600004745 /* CSOrderButton.swift in Sources */,
				A9D96AD22C974F7600AB1556 /* UserManager.swift in Sources */,
				A96654662C84E14C004F9D0C /* ProfilePresenter.swift in Sources */,
				A92001C02C89C28A00253F7A /* CartModel.swift in Sources */,
				A9D96ACC2C973EDF00AB1556 /* AccountCoordinator.swift in Sources */,
				A9F373BB2C82317D0037A51A /* CSCartButton.swift in Sources */,
				A99749312C7D18DB00C6191F /* ProfileViewController.swift in Sources */,
				A9606F562C8324B7007C9AB0 /* FavoriteCoordinator.swift in Sources */,
				A962A65B2C7E039E00798FD5 /* HomeModel.swift in Sources */,
				A99749292C7D134900C6191F /* HomeViewController.swift in Sources */,
				A99749252C7CF8C000C6191F /* CartViewController.swift in Sources */,
				A9606F4E2C830BC1007C9AB0 /* Coordinator.swift in Sources */,
				A9B8BC782C9C2248005CE565 /* ProfileManager.swift in Sources */,
				A9606F502C831AAE007C9AB0 /* FirstCoordinator.swift in Sources */,
				A962A6572C7DDCED00798FD5 /* BigVCViewCell.swift in Sources */,
				A95875762C78F4620092D79E /* FirstViewController.swift in Sources */,
				A997490C2C7C818700C6191F /* LoginViewController.swift in Sources */,
				A962A6632C7E3C4B00798FD5 /* OrderViewController.swift in Sources */,
				A9F373BD2C82422C0037A51A /* CartViewCell.swift in Sources */,
				A99749212C7CF60600C6191F /* TabBarController.swift in Sources */,
				A9606F522C83247A007C9AB0 /* HomeCoordinator.swift in Sources */,
				A962A6532C7DAF7600798FD5 /* CSLabel.swift in Sources */,
				A9606F602C835028007C9AB0 /* LoginCoordinator.swift in Sources */,
				A9606F5E2C834803007C9AB0 /* UserStorage.swift in Sources */,
				A99749072C7C68BE00C6191F /* CSButton.swift in Sources */,
				A9606F542C832497007C9AB0 /* CartCoordinator.swift in Sources */,
				A94A72092C95FB3800362AAE /* FavoriteModel.swift in Sources */,
				A92001C22C8A184E00253F7A /* CartPresenter.swift in Sources */,
				A99749122C7CC08C00C6191F /* AppCoordinator.swift in Sources */,
			);
			runOnlyForDeploymentPostprocessing = 0;
		};
/* End PBXSourcesBuildPhase section */

/* Begin PBXVariantGroup section */
		A95875672C78C6DB0092D79E /* LaunchScreen.storyboard */ = {
			isa = PBXVariantGroup;
			children = (
				A95875682C78C6DB0092D79E /* Base */,
			);
			name = LaunchScreen.storyboard;
			sourceTree = "<group>";
		};
/* End PBXVariantGroup section */

/* Begin XCBuildConfiguration section */
		A958756B2C78C6DB0092D79E /* Debug */ = {
			isa = XCBuildConfiguration;
			buildSettings = {
				ALWAYS_SEARCH_USER_PATHS = NO;
				ASSETCATALOG_COMPILER_GENERATE_SWIFT_ASSET_SYMBOL_EXTENSIONS = YES;
				CLANG_ANALYZER_NONNULL = YES;
				CLANG_ANALYZER_NUMBER_OBJECT_CONVERSION = YES_AGGRESSIVE;
				CLANG_CXX_LANGUAGE_STANDARD = "gnu++20";
				CLANG_ENABLE_MODULES = YES;
				CLANG_ENABLE_OBJC_ARC = YES;
				CLANG_ENABLE_OBJC_WEAK = YES;
				CLANG_WARN_BLOCK_CAPTURE_AUTORELEASING = YES;
				CLANG_WARN_BOOL_CONVERSION = YES;
				CLANG_WARN_COMMA = YES;
				CLANG_WARN_CONSTANT_CONVERSION = YES;
				CLANG_WARN_DEPRECATED_OBJC_IMPLEMENTATIONS = YES;
				CLANG_WARN_DIRECT_OBJC_ISA_USAGE = YES_ERROR;
				CLANG_WARN_DOCUMENTATION_COMMENTS = YES;
				CLANG_WARN_EMPTY_BODY = YES;
				CLANG_WARN_ENUM_CONVERSION = YES;
				CLANG_WARN_INFINITE_RECURSION = YES;
				CLANG_WARN_INT_CONVERSION = YES;
				CLANG_WARN_NON_LITERAL_NULL_CONVERSION = YES;
				CLANG_WARN_OBJC_IMPLICIT_RETAIN_SELF = YES;
				CLANG_WARN_OBJC_LITERAL_CONVERSION = YES;
				CLANG_WARN_OBJC_ROOT_CLASS = YES_ERROR;
				CLANG_WARN_QUOTED_INCLUDE_IN_FRAMEWORK_HEADER = YES;
				CLANG_WARN_RANGE_LOOP_ANALYSIS = YES;
				CLANG_WARN_STRICT_PROTOTYPES = YES;
				CLANG_WARN_SUSPICIOUS_MOVE = YES;
				CLANG_WARN_UNGUARDED_AVAILABILITY = YES_AGGRESSIVE;
				CLANG_WARN_UNREACHABLE_CODE = YES;
				CLANG_WARN__DUPLICATE_METHOD_MATCH = YES;
				COPY_PHASE_STRIP = NO;
				DEBUG_INFORMATION_FORMAT = dwarf;
				ENABLE_STRICT_OBJC_MSGSEND = YES;
				ENABLE_TESTABILITY = YES;
				ENABLE_USER_SCRIPT_SANDBOXING = YES;
				GCC_C_LANGUAGE_STANDARD = gnu17;
				GCC_DYNAMIC_NO_PIC = NO;
				GCC_NO_COMMON_BLOCKS = YES;
				GCC_OPTIMIZATION_LEVEL = 0;
				GCC_PREPROCESSOR_DEFINITIONS = (
					"DEBUG=1",
					"$(inherited)",
				);
				GCC_WARN_64_TO_32_BIT_CONVERSION = YES;
				GCC_WARN_ABOUT_RETURN_TYPE = YES_ERROR;
				GCC_WARN_UNDECLARED_SELECTOR = YES;
				GCC_WARN_UNINITIALIZED_AUTOS = YES_AGGRESSIVE;
				GCC_WARN_UNUSED_FUNCTION = YES;
				GCC_WARN_UNUSED_VARIABLE = YES;
				IPHONEOS_DEPLOYMENT_TARGET = 17.5;
				LOCALIZATION_PREFERS_STRING_CATALOGS = YES;
				MTL_ENABLE_DEBUG_INFO = INCLUDE_SOURCE;
				MTL_FAST_MATH = YES;
				ONLY_ACTIVE_ARCH = YES;
				SDKROOT = iphoneos;
				SWIFT_ACTIVE_COMPILATION_CONDITIONS = "DEBUG $(inherited)";
				SWIFT_OPTIMIZATION_LEVEL = "-Onone";
			};
			name = Debug;
		};
		A958756C2C78C6DB0092D79E /* Release */ = {
			isa = XCBuildConfiguration;
			buildSettings = {
				ALWAYS_SEARCH_USER_PATHS = NO;
				ASSETCATALOG_COMPILER_GENERATE_SWIFT_ASSET_SYMBOL_EXTENSIONS = YES;
				CLANG_ANALYZER_NONNULL = YES;
				CLANG_ANALYZER_NUMBER_OBJECT_CONVERSION = YES_AGGRESSIVE;
				CLANG_CXX_LANGUAGE_STANDARD = "gnu++20";
				CLANG_ENABLE_MODULES = YES;
				CLANG_ENABLE_OBJC_ARC = YES;
				CLANG_ENABLE_OBJC_WEAK = YES;
				CLANG_WARN_BLOCK_CAPTURE_AUTORELEASING = YES;
				CLANG_WARN_BOOL_CONVERSION = YES;
				CLANG_WARN_COMMA = YES;
				CLANG_WARN_CONSTANT_CONVERSION = YES;
				CLANG_WARN_DEPRECATED_OBJC_IMPLEMENTATIONS = YES;
				CLANG_WARN_DIRECT_OBJC_ISA_USAGE = YES_ERROR;
				CLANG_WARN_DOCUMENTATION_COMMENTS = YES;
				CLANG_WARN_EMPTY_BODY = YES;
				CLANG_WARN_ENUM_CONVERSION = YES;
				CLANG_WARN_INFINITE_RECURSION = YES;
				CLANG_WARN_INT_CONVERSION = YES;
				CLANG_WARN_NON_LITERAL_NULL_CONVERSION = YES;
				CLANG_WARN_OBJC_IMPLICIT_RETAIN_SELF = YES;
				CLANG_WARN_OBJC_LITERAL_CONVERSION = YES;
				CLANG_WARN_OBJC_ROOT_CLASS = YES_ERROR;
				CLANG_WARN_QUOTED_INCLUDE_IN_FRAMEWORK_HEADER = YES;
				CLANG_WARN_RANGE_LOOP_ANALYSIS = YES;
				CLANG_WARN_STRICT_PROTOTYPES = YES;
				CLANG_WARN_SUSPICIOUS_MOVE = YES;
				CLANG_WARN_UNGUARDED_AVAILABILITY = YES_AGGRESSIVE;
				CLANG_WARN_UNREACHABLE_CODE = YES;
				CLANG_WARN__DUPLICATE_METHOD_MATCH = YES;
				COPY_PHASE_STRIP = NO;
				DEBUG_INFORMATION_FORMAT = "dwarf-with-dsym";
				ENABLE_NS_ASSERTIONS = NO;
				ENABLE_STRICT_OBJC_MSGSEND = YES;
				ENABLE_USER_SCRIPT_SANDBOXING = YES;
				GCC_C_LANGUAGE_STANDARD = gnu17;
				GCC_NO_COMMON_BLOCKS = YES;
				GCC_WARN_64_TO_32_BIT_CONVERSION = YES;
				GCC_WARN_ABOUT_RETURN_TYPE = YES_ERROR;
				GCC_WARN_UNDECLARED_SELECTOR = YES;
				GCC_WARN_UNINITIALIZED_AUTOS = YES_AGGRESSIVE;
				GCC_WARN_UNUSED_FUNCTION = YES;
				GCC_WARN_UNUSED_VARIABLE = YES;
				IPHONEOS_DEPLOYMENT_TARGET = 17.5;
				LOCALIZATION_PREFERS_STRING_CATALOGS = YES;
				MTL_ENABLE_DEBUG_INFO = NO;
				MTL_FAST_MATH = YES;
				SDKROOT = iphoneos;
				SWIFT_COMPILATION_MODE = wholemodule;
				VALIDATE_PRODUCT = YES;
			};
			name = Release;
		};
		A958756E2C78C6DB0092D79E /* Debug */ = {
			isa = XCBuildConfiguration;
			buildSettings = {
				ASSETCATALOG_COMPILER_APPICON_NAME = AppIcon;
				ASSETCATALOG_COMPILER_GLOBAL_ACCENT_COLOR_NAME = AccentColor;
				CODE_SIGN_STYLE = Automatic;
				CURRENT_PROJECT_VERSION = 1;
				DEVELOPMENT_TEAM = NNGG4Z5JB7;
				GENERATE_INFOPLIST_FILE = YES;
				INFOPLIST_FILE = CoffeeShop/Info.plist;
				INFOPLIST_KEY_UIApplicationSupportsIndirectInputEvents = YES;
				INFOPLIST_KEY_UILaunchStoryboardName = LaunchScreen;
				INFOPLIST_KEY_UISupportedInterfaceOrientations_iPad = "UIInterfaceOrientationPortrait UIInterfaceOrientationPortraitUpsideDown UIInterfaceOrientationLandscapeLeft UIInterfaceOrientationLandscapeRight";
				INFOPLIST_KEY_UISupportedInterfaceOrientations_iPhone = "UIInterfaceOrientationPortrait UIInterfaceOrientationLandscapeLeft UIInterfaceOrientationLandscapeRight";
				IPHONEOS_DEPLOYMENT_TARGET = 17.6;
				LD_RUNPATH_SEARCH_PATHS = (
					"$(inherited)",
					"@executable_path/Frameworks",
				);
				MARKETING_VERSION = 1.0;
				PRODUCT_BUNDLE_IDENTIFIER = Alex.CoffeeShop;
				PRODUCT_NAME = "$(TARGET_NAME)";
				SWIFT_EMIT_LOC_STRINGS = YES;
				SWIFT_VERSION = 5.0;
				TARGETED_DEVICE_FAMILY = "1,2";
			};
			name = Debug;
		};
		A958756F2C78C6DB0092D79E /* Release */ = {
			isa = XCBuildConfiguration;
			buildSettings = {
				ASSETCATALOG_COMPILER_APPICON_NAME = AppIcon;
				ASSETCATALOG_COMPILER_GLOBAL_ACCENT_COLOR_NAME = AccentColor;
				CODE_SIGN_STYLE = Automatic;
				CURRENT_PROJECT_VERSION = 1;
				DEVELOPMENT_TEAM = NNGG4Z5JB7;
				GENERATE_INFOPLIST_FILE = YES;
				INFOPLIST_FILE = CoffeeShop/Info.plist;
				INFOPLIST_KEY_UIApplicationSupportsIndirectInputEvents = YES;
				INFOPLIST_KEY_UILaunchStoryboardName = LaunchScreen;
				INFOPLIST_KEY_UISupportedInterfaceOrientations_iPad = "UIInterfaceOrientationPortrait UIInterfaceOrientationPortraitUpsideDown UIInterfaceOrientationLandscapeLeft UIInterfaceOrientationLandscapeRight";
				INFOPLIST_KEY_UISupportedInterfaceOrientations_iPhone = "UIInterfaceOrientationPortrait UIInterfaceOrientationLandscapeLeft UIInterfaceOrientationLandscapeRight";
				IPHONEOS_DEPLOYMENT_TARGET = 17.6;
				LD_RUNPATH_SEARCH_PATHS = (
					"$(inherited)",
					"@executable_path/Frameworks",
				);
				MARKETING_VERSION = 1.0;
				PRODUCT_BUNDLE_IDENTIFIER = Alex.CoffeeShop;
				PRODUCT_NAME = "$(TARGET_NAME)";
				SWIFT_EMIT_LOC_STRINGS = YES;
				SWIFT_VERSION = 5.0;
				TARGETED_DEVICE_FAMILY = "1,2";
			};
			name = Release;
		};
/* End XCBuildConfiguration section */

/* Begin XCConfigurationList section */
		A95875542C78C6DA0092D79E /* Build configuration list for PBXProject "CoffeeShop" */ = {
			isa = XCConfigurationList;
			buildConfigurations = (
				A958756B2C78C6DB0092D79E /* Debug */,
				A958756C2C78C6DB0092D79E /* Release */,
			);
			defaultConfigurationIsVisible = 0;
			defaultConfigurationName = Release;
		};
		A958756D2C78C6DB0092D79E /* Build configuration list for PBXNativeTarget "CoffeeShop" */ = {
			isa = XCConfigurationList;
			buildConfigurations = (
				A958756E2C78C6DB0092D79E /* Debug */,
				A958756F2C78C6DB0092D79E /* Release */,
			);
			defaultConfigurationIsVisible = 0;
			defaultConfigurationName = Release;
		};
/* End XCConfigurationList section */
	};
	rootObject = A95875512C78C6DA0092D79E /* Project object */;
}
